
Microsoft Visual Studio Solution File, Format Version 12.00
# Visual Studio Version 17
VisualStudioVersion = 17.14.36212.18
MinimumVisualStudioVersion = 10.0.40219.1
Project("{FAE04EC0-301F-11D3-BF4B-00C04F79EFBC}") = "DemoFrame01", "DemoFrame01\DemoFrame01.csproj", "{B2BCCC1B-FBC6-4297-A946-3362CC949355}"
EndProject
Project("{FAE04EC0-301F-11D3-BF4B-00C04F79EFBC}") = "InheritenceMapping", "InheritenceMapping\InheritenceMapping.csproj", "{999DA03F-F6CE-43AD-B499-DE04A7B4BC83}"
EndProject
Global
	GlobalSection(SolutionConfigurationPlatforms) = preSolution
		Debug|Any CPU = Debug|Any CPU
		Release|Any CPU = Release|Any CPU
	EndGlobalSection
	GlobalSection(ProjectConfigurationPlatforms) = postSolution
		{B2BCCC1B-FBC6-4297-A946-3362CC949355}.Debug|Any CPU.ActiveCfg = Debug|Any CPU
		{B2BCCC1B-FBC6-4297-A946-3362CC949355}.Debug|Any CPU.Build.0 = Debug|Any CPU
		{B2BCCC1B-FBC6-4297-A946-3362CC949355}.Release|Any CPU.ActiveCfg = Release|Any CPU
		{B2BCCC1B-FBC6-4297-A946-3362CC949355}.Release|Any CPU.Build.0 = Release|Any CPU
		{999DA03F-F6CE-43AD-B499-DE04A7B4BC83}.Debug|Any CPU.ActiveCfg = Debug|Any CPU
		{999DA03F-F6CE-43AD-B499-DE04A7B4BC83}.Debug|Any CPU.Build.0 = Debug|Any CPU
		{999DA03F-F6CE-43AD-B499-DE04A7B4BC83}.Release|Any CPU.ActiveCfg = Release|Any CPU
		{999DA03F-F6CE-43AD-B499-DE04A7B4BC83}.Release|Any CPU.Build.0 = Release|Any CPU
	EndGlobalSection
	GlobalSection(SolutionProperties) = preSolution
		HideSolutionNode = FALSE
	EndGlobalSection
	GlobalSection(ExtensibilityGlobals) = postSolution
		SolutionGuid = {5DB5ED85-DAD9-42D5-9839-7774C4891600}
	EndGlobalSection
EndGlobal
